// !$*UTF8*$!
{
	archiveVersion = 1;
	classes = {
	};
	objectVersion = 50;
	objects = {

/* Begin PBXBuildFile section */
		B778147F25F112010056CDA6 /* LanternApp.swift in Sources */ = {isa = PBXBuildFile; fileRef = B778147E25F112010056CDA6 /* LanternApp.swift */; };
		B778148125F112010056CDA6 /* ContentView.swift in Sources */ = {isa = PBXBuildFile; fileRef = B778148025F112010056CDA6 /* ContentView.swift */; };
		B778148325F112020056CDA6 /* Assets.xcassets in Resources */ = {isa = PBXBuildFile; fileRef = B778148225F112020056CDA6 /* Assets.xcassets */; };
		B778148625F112020056CDA6 /* Preview Assets.xcassets in Resources */ = {isa = PBXBuildFile; fileRef = B778148525F112020056CDA6 /* Preview Assets.xcassets */; };
		B778149125F112020056CDA6 /* LanternTests.swift in Sources */ = {isa = PBXBuildFile; fileRef = B778149025F112020056CDA6 /* LanternTests.swift */; };
		B778149C25F112020056CDA6 /* LanternUITests.swift in Sources */ = {isa = PBXBuildFile; fileRef = B778149B25F112020056CDA6 /* LanternUITests.swift */; };
/* End PBXBuildFile section */

/* Begin PBXContainerItemProxy section */
		B778148D25F112020056CDA6 /* PBXContainerItemProxy */ = {
			isa = PBXContainerItemProxy;
			containerPortal = B778147325F112010056CDA6 /* Project object */;
			proxyType = 1;
			remoteGlobalIDString = B778147A25F112010056CDA6;
			remoteInfo = Lantern;
		};
		B778149825F112020056CDA6 /* PBXContainerItemProxy */ = {
			isa = PBXContainerItemProxy;
			containerPortal = B778147325F112010056CDA6 /* Project object */;
			proxyType = 1;
			remoteGlobalIDString = B778147A25F112010056CDA6;
			remoteInfo = Lantern;
		};
/* End PBXContainerItemProxy section */

/* Begin PBXFileReference section */
		B778147B25F112010056CDA6 /* Lantern.app */ = {isa = PBXFileReference; explicitFileType = wrapper.application; includeInIndex = 0; path = Lantern.app; sourceTree = BUILT_PRODUCTS_DIR; };
		B778147E25F112010056CDA6 /* LanternApp.swift */ = {isa = PBXFileReference; lastKnownFileType = sourcecode.swift; path = LanternApp.swift; sourceTree = "<group>"; };
		B778148025F112010056CDA6 /* ContentView.swift */ = {isa = PBXFileReference; lastKnownFileType = sourcecode.swift; path = ContentView.swift; sourceTree = "<group>"; };
		B778148225F112020056CDA6 /* Assets.xcassets */ = {isa = PBXFileReference; lastKnownFileType = folder.assetcatalog; path = Assets.xcassets; sourceTree = "<group>"; };
		B778148525F112020056CDA6 /* Preview Assets.xcassets */ = {isa = PBXFileReference; lastKnownFileType = folder.assetcatalog; path = "Preview Assets.xcassets"; sourceTree = "<group>"; };
		B778148725F112020056CDA6 /* Info.plist */ = {isa = PBXFileReference; lastKnownFileType = text.plist.xml; path = Info.plist; sourceTree = "<group>"; };
		B778148C25F112020056CDA6 /* LanternTests.xctest */ = {isa = PBXFileReference; explicitFileType = wrapper.cfbundle; includeInIndex = 0; path = LanternTests.xctest; sourceTree = BUILT_PRODUCTS_DIR; };
		B778149025F112020056CDA6 /* LanternTests.swift */ = {isa = PBXFileReference; lastKnownFileType = sourcecode.swift; path = LanternTests.swift; sourceTree = "<group>"; };
		B778149225F112020056CDA6 /* Info.plist */ = {isa = PBXFileReference; lastKnownFileType = text.plist.xml; path = Info.plist; sourceTree = "<group>"; };
		B778149725F112020056CDA6 /* LanternUITests.xctest */ = {isa = PBXFileReference; explicitFileType = wrapper.cfbundle; includeInIndex = 0; path = LanternUITests.xctest; sourceTree = BUILT_PRODUCTS_DIR; };
		B778149B25F112020056CDA6 /* LanternUITests.swift */ = {isa = PBXFileReference; lastKnownFileType = sourcecode.swift; path = LanternUITests.swift; sourceTree = "<group>"; };
		B778149D25F112020056CDA6 /* Info.plist */ = {isa = PBXFileReference; lastKnownFileType = text.plist.xml; path = Info.plist; sourceTree = "<group>"; };
/* End PBXFileReference section */

/* Begin PBXFrameworksBuildPhase section */
		B778147825F112010056CDA6 /* Frameworks */ = {
			isa = PBXFrameworksBuildPhase;
			buildActionMask = 2147483647;
			files = (
			);
			runOnlyForDeploymentPostprocessing = 0;
		};
		B778148925F112020056CDA6 /* Frameworks */ = {
			isa = PBXFrameworksBuildPhase;
			buildActionMask = 2147483647;
			files = (
			);
			runOnlyForDeploymentPostprocessing = 0;
		};
		B778149425F112020056CDA6 /* Frameworks */ = {
			isa = PBXFrameworksBuildPhase;
			buildActionMask = 2147483647;
			files = (
			);
			runOnlyForDeploymentPostprocessing = 0;
		};
/* End PBXFrameworksBuildPhase section */

/* Begin PBXGroup section */
		B778147225F112010056CDA6 = {
			isa = PBXGroup;
			children = (
				B778147D25F112010056CDA6 /* Lantern */,
				B778148F25F112020056CDA6 /* LanternTests */,
				B778149A25F112020056CDA6 /* LanternUITests */,
				B778147C25F112010056CDA6 /* Products */,
			);
			sourceTree = "<group>";
		};
		B778147C25F112010056CDA6 /* Products */ = {
			isa = PBXGroup;
			children = (
				B778147B25F112010056CDA6 /* Lantern.app */,
				B778148C25F112020056CDA6 /* LanternTests.xctest */,
				B778149725F112020056CDA6 /* LanternUITests.xctest */,
			);
			name = Products;
			sourceTree = "<group>";
		};
		B778147D25F112010056CDA6 /* Lantern */ = {
			isa = PBXGroup;
			children = (
				B778147E25F112010056CDA6 /* LanternApp.swift */,
				B778148025F112010056CDA6 /* ContentView.swift */,
				B778148225F112020056CDA6 /* Assets.xcassets */,
				B778148725F112020056CDA6 /* Info.plist */,
				B778148425F112020056CDA6 /* Preview Content */,
			);
			path = Lantern;
			sourceTree = "<group>";
		};
		B778148425F112020056CDA6 /* Preview Content */ = {
			isa = PBXGroup;
			children = (
				B778148525F112020056CDA6 /* Preview Assets.xcassets */,
			);
			path = "Preview Content";
			sourceTree = "<group>";
		};
		B778148F25F112020056CDA6 /* LanternTests */ = {
			isa = PBXGroup;
			children = (
				B778149025F112020056CDA6 /* LanternTests.swift */,
				B778149225F112020056CDA6 /* Info.plist */,
			);
			path = LanternTests;
			sourceTree = "<group>";
		};
		B778149A25F112020056CDA6 /* LanternUITests */ = {
			isa = PBXGroup;
			children = (
				B778149B25F112020056CDA6 /* LanternUITests.swift */,
				B778149D25F112020056CDA6 /* Info.plist */,
			);
			path = LanternUITests;
			sourceTree = "<group>";
		};
/* End PBXGroup section */

/* Begin PBXNativeTarget section */
		B778147A25F112010056CDA6 /* Lantern */ = {
			isa = PBXNativeTarget;
			buildConfigurationList = B77814A025F112020056CDA6 /* Build configuration list for PBXNativeTarget "Lantern" */;
			buildPhases = (
				B778147725F112010056CDA6 /* Sources */,
				B778147825F112010056CDA6 /* Frameworks */,
				B778147925F112010056CDA6 /* Resources */,
			);
			buildRules = (
			);
			dependencies = (
			);
			name = Lantern;
			productName = Lantern;
			productReference = B778147B25F112010056CDA6 /* Lantern.app */;
			productType = "com.apple.product-type.application";
		};
		B778148B25F112020056CDA6 /* LanternTests */ = {
			isa = PBXNativeTarget;
			buildConfigurationList = B77814A325F112020056CDA6 /* Build configuration list for PBXNativeTarget "LanternTests" */;
			buildPhases = (
				B778148825F112020056CDA6 /* Sources */,
				B778148925F112020056CDA6 /* Frameworks */,
				B778148A25F112020056CDA6 /* Resources */,
			);
			buildRules = (
			);
			dependencies = (
				B778148E25F112020056CDA6 /* PBXTargetDependency */,
			);
			name = LanternTests;
			productName = LanternTests;
			productReference = B778148C25F112020056CDA6 /* LanternTests.xctest */;
			productType = "com.apple.product-type.bundle.unit-test";
		};
		B778149625F112020056CDA6 /* LanternUITests */ = {
			isa = PBXNativeTarget;
			buildConfigurationList = B77814A625F112020056CDA6 /* Build configuration list for PBXNativeTarget "LanternUITests" */;
			buildPhases = (
				B778149325F112020056CDA6 /* Sources */,
				B778149425F112020056CDA6 /* Frameworks */,
				B778149525F112020056CDA6 /* Resources */,
			);
			buildRules = (
			);
			dependencies = (
				B778149925F112020056CDA6 /* PBXTargetDependency */,
			);
			name = LanternUITests;
			productName = LanternUITests;
			productReference = B778149725F112020056CDA6 /* LanternUITests.xctest */;
			productType = "com.apple.product-type.bundle.ui-testing";
		};
/* End PBXNativeTarget section */

/* Begin PBXProject section */
		B778147325F112010056CDA6 /* Project object */ = {
			isa = PBXProject;
			attributes = {
				LastSwiftUpdateCheck = 1200;
				LastUpgradeCheck = 1200;
				TargetAttributes = {
					B778147A25F112010056CDA6 = {
						CreatedOnToolsVersion = 12.0.1;
					};
					B778148B25F112020056CDA6 = {
						CreatedOnToolsVersion = 12.0.1;
						TestTargetID = B778147A25F112010056CDA6;
					};
					B778149625F112020056CDA6 = {
						CreatedOnToolsVersion = 12.0.1;
						TestTargetID = B778147A25F112010056CDA6;
					};
				};
			};
			buildConfigurationList = B778147625F112010056CDA6 /* Build configuration list for PBXProject "Lantern" */;
			compatibilityVersion = "Xcode 9.3";
			developmentRegion = en;
			hasScannedForEncodings = 0;
			knownRegions = (
				en,
				Base,
			);
			mainGroup = B778147225F112010056CDA6;
			productRefGroup = B778147C25F112010056CDA6 /* Products */;
			projectDirPath = "";
			projectRoot = "";
			targets = (
				B778147A25F112010056CDA6 /* Lantern */,
				B778148B25F112020056CDA6 /* LanternTests */,
				B778149625F112020056CDA6 /* LanternUITests */,
			);
		};
/* End PBXProject section */

/* Begin PBXResourcesBuildPhase section */
		B778147925F112010056CDA6 /* Resources */ = {
			isa = PBXResourcesBuildPhase;
			buildActionMask = 2147483647;
			files = (
				B778148625F112020056CDA6 /* Preview Assets.xcassets in Resources */,
				B778148325F112020056CDA6 /* Assets.xcassets in Resources */,
			);
			runOnlyForDeploymentPostprocessing = 0;
		};
		B778148A25F112020056CDA6 /* Resources */ = {
			isa = PBXResourcesBuildPhase;
			buildActionMask = 2147483647;
			files = (
			);
			runOnlyForDeploymentPostprocessing = 0;
		};
		B778149525F112020056CDA6 /* Resources */ = {
			isa = PBXResourcesBuildPhase;
			buildActionMask = 2147483647;
			files = (
			);
			runOnlyForDeploymentPostprocessing = 0;
		};
/* End PBXResourcesBuildPhase section */

/* Begin PBXSourcesBuildPhase section */
		B778147725F112010056CDA6 /* Sources */ = {
			isa = PBXSourcesBuildPhase;
			buildActionMask = 2147483647;
			files = (
				B778148125F112010056CDA6 /* ContentView.swift in Sources */,
				B778147F25F112010056CDA6 /* LanternApp.swift in Sources */,
			);
			runOnlyForDeploymentPostprocessing = 0;
		};
		B778148825F112020056CDA6 /* Sources */ = {
			isa = PBXSourcesBuildPhase;
			buildActionMask = 2147483647;
			files = (
				B778149125F112020056CDA6 /* LanternTests.swift in Sources */,
			);
			runOnlyForDeploymentPostprocessing = 0;
		};
		B778149325F112020056CDA6 /* Sources */ = {
			isa = PBXSourcesBuildPhase;
			buildActionMask = 2147483647;
			files = (
				B778149C25F112020056CDA6 /* LanternUITests.swift in Sources */,
			);
			runOnlyForDeploymentPostprocessing = 0;
		};
/* End PBXSourcesBuildPhase section */

/* Begin PBXTargetDependency section */
		B778148E25F112020056CDA6 /* PBXTargetDependency */ = {
			isa = PBXTargetDependency;
			target = B778147A25F112010056CDA6 /* Lantern */;
			targetProxy = B778148D25F112020056CDA6 /* PBXContainerItemProxy */;
		};
		B778149925F112020056CDA6 /* PBXTargetDependency */ = {
			isa = PBXTargetDependency;
			target = B778147A25F112010056CDA6 /* Lantern */;
			targetProxy = B778149825F112020056CDA6 /* PBXContainerItemProxy */;
		};
/* End PBXTargetDependency section */

/* Begin XCBuildConfiguration section */
		B778149E25F112020056CDA6 /* Debug */ = {
			isa = XCBuildConfiguration;
			buildSettings = {
				ALWAYS_SEARCH_USER_PATHS = NO;
				CLANG_ANALYZER_NONNULL = YES;
				CLANG_ANALYZER_NUMBER_OBJECT_CONVERSION = YES_AGGRESSIVE;
				CLANG_CXX_LANGUAGE_STANDARD = "gnu++14";
				CLANG_CXX_LIBRARY = "libc++";
				CLANG_ENABLE_MODULES = YES;
				CLANG_ENABLE_OBJC_ARC = YES;
				CLANG_ENABLE_OBJC_WEAK = YES;
				CLANG_WARN_BLOCK_CAPTURE_AUTORELEASING = YES;
				CLANG_WARN_BOOL_CONVERSION = YES;
				CLANG_WARN_COMMA = YES;
				CLANG_WARN_CONSTANT_CONVERSION = YES;
				CLANG_WARN_DEPRECATED_OBJC_IMPLEMENTATIONS = YES;
				CLANG_WARN_DIRECT_OBJC_ISA_USAGE = YES_ERROR;
				CLANG_WARN_DOCUMENTATION_COMMENTS = YES;
				CLANG_WARN_EMPTY_BODY = YES;
				CLANG_WARN_ENUM_CONVERSION = YES;
				CLANG_WARN_INFINITE_RECURSION = YES;
				CLANG_WARN_INT_CONVERSION = YES;
				CLANG_WARN_NON_LITERAL_NULL_CONVERSION = YES;
				CLANG_WARN_OBJC_IMPLICIT_RETAIN_SELF = YES;
				CLANG_WARN_OBJC_LITERAL_CONVERSION = YES;
				CLANG_WARN_OBJC_ROOT_CLASS = YES_ERROR;
				CLANG_WARN_QUOTED_INCLUDE_IN_FRAMEWORK_HEADER = YES;
				CLANG_WARN_RANGE_LOOP_ANALYSIS = YES;
				CLANG_WARN_STRICT_PROTOTYPES = YES;
				CLANG_WARN_SUSPICIOUS_MOVE = YES;
				CLANG_WARN_UNGUARDED_AVAILABILITY = YES_AGGRESSIVE;
				CLANG_WARN_UNREACHABLE_CODE = YES;
				CLANG_WARN__DUPLICATE_METHOD_MATCH = YES;
				COPY_PHASE_STRIP = NO;
				DEBUG_INFORMATION_FORMAT = dwarf;
				ENABLE_STRICT_OBJC_MSGSEND = YES;
				ENABLE_TESTABILITY = YES;
				GCC_C_LANGUAGE_STANDARD = gnu11;
				GCC_DYNAMIC_NO_PIC = NO;
				GCC_NO_COMMON_BLOCKS = YES;
				GCC_OPTIMIZATION_LEVEL = 0;
				GCC_PREPROCESSOR_DEFINITIONS = (
					"DEBUG=1",
					"$(inherited)",
				);
				GCC_WARN_64_TO_32_BIT_CONVERSION = YES;
				GCC_WARN_ABOUT_RETURN_TYPE = YES_ERROR;
				GCC_WARN_UNDECLARED_SELECTOR = YES;
				GCC_WARN_UNINITIALIZED_AUTOS = YES_AGGRESSIVE;
				GCC_WARN_UNUSED_FUNCTION = YES;
				GCC_WARN_UNUSED_VARIABLE = YES;
				IPHONEOS_DEPLOYMENT_TARGET = 14.0;
				MTL_ENABLE_DEBUG_INFO = INCLUDE_SOURCE;
				MTL_FAST_MATH = YES;
				ONLY_ACTIVE_ARCH = YES;
				SDKROOT = iphoneos;
				SWIFT_ACTIVE_COMPILATION_CONDITIONS = DEBUG;
				SWIFT_OPTIMIZATION_LEVEL = "-Onone";
			};
			name = Debug;
		};
		B778149F25F112020056CDA6 /* Release */ = {
			isa = XCBuildConfiguration;
			buildSettings = {
				ALWAYS_SEARCH_USER_PATHS = NO;
				CLANG_ANALYZER_NONNULL = YES;
				CLANG_ANALYZER_NUMBER_OBJECT_CONVERSION = YES_AGGRESSIVE;
				CLANG_CXX_LANGUAGE_STANDARD = "gnu++14";
				CLANG_CXX_LIBRARY = "libc++";
				CLANG_ENABLE_MODULES = YES;
				CLANG_ENABLE_OBJC_ARC = YES;
				CLANG_ENABLE_OBJC_WEAK = YES;
				CLANG_WARN_BLOCK_CAPTURE_AUTORELEASING = YES;
				CLANG_WARN_BOOL_CONVERSION = YES;
				CLANG_WARN_COMMA = YES;
				CLANG_WARN_CONSTANT_CONVERSION = YES;
				CLANG_WARN_DEPRECATED_OBJC_IMPLEMENTATIONS = YES;
				CLANG_WARN_DIRECT_OBJC_ISA_USAGE = YES_ERROR;
				CLANG_WARN_DOCUMENTATION_COMMENTS = YES;
				CLANG_WARN_EMPTY_BODY = YES;
				CLANG_WARN_ENUM_CONVERSION = YES;
				CLANG_WARN_INFINITE_RECURSION = YES;
				CLANG_WARN_INT_CONVERSION = YES;
				CLANG_WARN_NON_LITERAL_NULL_CONVERSION = YES;
				CLANG_WARN_OBJC_IMPLICIT_RETAIN_SELF = YES;
				CLANG_WARN_OBJC_LITERAL_CONVERSION = YES;
				CLANG_WARN_OBJC_ROOT_CLASS = YES_ERROR;
				CLANG_WARN_QUOTED_INCLUDE_IN_FRAMEWORK_HEADER = YES;
				CLANG_WARN_RANGE_LOOP_ANALYSIS = YES;
				CLANG_WARN_STRICT_PROTOTYPES = YES;
				CLANG_WARN_SUSPICIOUS_MOVE = YES;
				CLANG_WARN_UNGUARDED_AVAILABILITY = YES_AGGRESSIVE;
				CLANG_WARN_UNREACHABLE_CODE = YES;
				CLANG_WARN__DUPLICATE_METHOD_MATCH = YES;
				COPY_PHASE_STRIP = NO;
				DEBUG_INFORMATION_FORMAT = "dwarf-with-dsym";
				ENABLE_NS_ASSERTIONS = NO;
				ENABLE_STRICT_OBJC_MSGSEND = YES;
				GCC_C_LANGUAGE_STANDARD = gnu11;
				GCC_NO_COMMON_BLOCKS = YES;
				GCC_WARN_64_TO_32_BIT_CONVERSION = YES;
				GCC_WARN_ABOUT_RETURN_TYPE = YES_ERROR;
				GCC_WARN_UNDECLARED_SELECTOR = YES;
				GCC_WARN_UNINITIALIZED_AUTOS = YES_AGGRESSIVE;
				GCC_WARN_UNUSED_FUNCTION = YES;
				GCC_WARN_UNUSED_VARIABLE = YES;
				IPHONEOS_DEPLOYMENT_TARGET = 14.0;
				MTL_ENABLE_DEBUG_INFO = NO;
				MTL_FAST_MATH = YES;
				SDKROOT = iphoneos;
				SWIFT_COMPILATION_MODE = wholemodule;
				SWIFT_OPTIMIZATION_LEVEL = "-O";
				VALIDATE_PRODUCT = YES;
			};
			name = Release;
		};
		B77814A125F112020056CDA6 /* Debug */ = {
			isa = XCBuildConfiguration;
			buildSettings = {
				ASSETCATALOG_COMPILER_APPICON_NAME = AppIcon;
				ASSETCATALOG_COMPILER_GLOBAL_ACCENT_COLOR_NAME = AccentColor;
				CODE_SIGN_STYLE = Automatic;
				DEVELOPMENT_ASSET_PATHS = "\"Lantern/Preview Content\"";
				ENABLE_PREVIEWS = YES;
				INFOPLIST_FILE = Lantern/Info.plist;
				IPHONEOS_DEPLOYMENT_TARGET = 14.0;
				LD_RUNPATH_SEARCH_PATHS = (
					"$(inherited)",
					"@executable_path/Frameworks",
				);
				PRODUCT_BUNDLE_IDENTIFIER = eaty.Lantern;
				PRODUCT_NAME = "$(TARGET_NAME)";
				SWIFT_VERSION = 5.0;
				TARGETED_DEVICE_FAMILY = "1,2";
			};
			name = Debug;
		};
		B77814A225F112020056CDA6 /* Release */ = {
			isa = XCBuildConfiguration;
			buildSettings = {
				ASSETCATALOG_COMPILER_APPICON_NAME = AppIcon;
				ASSETCATALOG_COMPILER_GLOBAL_ACCENT_COLOR_NAME = AccentColor;
				CODE_SIGN_STYLE = Automatic;
				DEVELOPMENT_ASSET_PATHS = "\"Lantern/Preview Content\"";
				ENABLE_PREVIEWS = YES;
				INFOPLIST_FILE = Lantern/Info.plist;
				IPHONEOS_DEPLOYMENT_TARGET = 14.0;
				LD_RUNPATH_SEARCH_PATHS = (
					"$(inherited)",
					"@executable_path/Frameworks",
				);
				PRODUCT_BUNDLE_IDENTIFIER = eaty.Lantern;
				PRODUCT_NAME = "$(TARGET_NAME)";
				SWIFT_VERSION = 5.0;
				TARGETED_DEVICE_FAMILY = "1,2";
			};
			name = Release;
		};
		B77814A425F112020056CDA6 /* Debug */ = {
			isa = XCBuildConfiguration;
			buildSettings = {
				ALWAYS_EMBED_SWIFT_STANDARD_LIBRARIES = YES;
				BUNDLE_LOADER = "$(TEST_HOST)";
				CODE_SIGN_STYLE = Automatic;
				INFOPLIST_FILE = LanternTests/Info.plist;
				IPHONEOS_DEPLOYMENT_TARGET = 14.0;
				LD_RUNPATH_SEARCH_PATHS = (
					"$(inherited)",
					"@executable_path/Frameworks",
					"@loader_path/Frameworks",
				);
				PRODUCT_BUNDLE_IDENTIFIER = eaty.LanternTests;
				PRODUCT_NAME = "$(TARGET_NAME)";
				SWIFT_VERSION = 5.0;
				TARGETED_DEVICE_FAMILY = "1,2";
				TEST_HOST = "$(BUILT_PRODUCTS_DIR)/Lantern.app/Lantern";
			};
			name = Debug;
		};
		B77814A525F112020056CDA6 /* Release */ = {
			isa = XCBuildConfiguration;
			buildSettings = {
				ALWAYS_EMBED_SWIFT_STANDARD_LIBRARIES = YES;
				BUNDLE_LOADER = "$(TEST_HOST)";
				CODE_SIGN_STYLE = Automatic;
				INFOPLIST_FILE = LanternTests/Info.plist;
				IPHONEOS_DEPLOYMENT_TARGET = 14.0;
				LD_RUNPATH_SEARCH_PATHS = (
					"$(inherited)",
					"@executable_path/Frameworks",
					"@loader_path/Frameworks",
				);
				PRODUCT_BUNDLE_IDENTIFIER = eaty.LanternTests;
				PRODUCT_NAME = "$(TARGET_NAME)";
				SWIFT_VERSION = 5.0;
				TARGETED_DEVICE_FAMILY = "1,2";
				TEST_HOST = "$(BUILT_PRODUCTS_DIR)/Lantern.app/Lantern";
			};
			name = Release;
		};
		B77814A725F112020056CDA6 /* Debug */ = {
			isa = XCBuildConfiguration;
			buildSettings = {
				ALWAYS_EMBED_SWIFT_STANDARD_LIBRARIES = YES;
				CODE_SIGN_STYLE = Automatic;
				INFOPLIST_FILE = LanternUITests/Info.plist;
				LD_RUNPATH_SEARCH_PATHS = (
					"$(inherited)",
					"@executable_path/Frameworks",
					"@loader_path/Frameworks",
				);
				PRODUCT_BUNDLE_IDENTIFIER = eaty.LanternUITests;
				PRODUCT_NAME = "$(TARGET_NAME)";
				SWIFT_VERSION = 5.0;
				TARGETED_DEVICE_FAMILY = "1,2";
				TEST_TARGET_NAME = Lantern;
			};
			name = Debug;
		};
		B77814A825F112020056CDA6 /* Release */ = {
			isa = XCBuildConfiguration;
			buildSettings = {
				ALWAYS_EMBED_SWIFT_STANDARD_LIBRARIES = YES;
				CODE_SIGN_STYLE = Automatic;
				INFOPLIST_FILE = LanternUITests/Info.plist;
				LD_RUNPATH_SEARCH_PATHS = (
					"$(inherited)",
					"@executable_path/Frameworks",
					"@loader_path/Frameworks",
				);
				PRODUCT_BUNDLE_IDENTIFIER = eaty.LanternUITests;
				PRODUCT_NAME = "$(TARGET_NAME)";
				SWIFT_VERSION = 5.0;
				TARGETED_DEVICE_FAMILY = "1,2";
				TEST_TARGET_NAME = Lantern;
			};
			name = Release;
		};
/* End XCBuildConfiguration section */

/* Begin XCConfigurationList section */
		B778147625F112010056CDA6 /* Build configuration list for PBXProject "Lantern" */ = {
			isa = XCConfigurationList;
			buildConfigurations = (
				B778149E25F112020056CDA6 /* Debug */,
				B778149F25F112020056CDA6 /* Release */,
			);
			defaultConfigurationIsVisible = 0;
			defaultConfigurationName = Release;
		};
		B77814A025F112020056CDA6 /* Build configuration list for PBXNativeTarget "Lantern" */ = {
			isa = XCConfigurationList;
			buildConfigurations = (
				B77814A125F112020056CDA6 /* Debug */,
				B77814A225F112020056CDA6 /* Release */,
			);
			defaultConfigurationIsVisible = 0;
			defaultConfigurationName = Release;
		};
		B77814A325F112020056CDA6 /* Build configuration list for PBXNativeTarget "LanternTests" */ = {
			isa = XCConfigurationList;
			buildConfigurations = (
				B77814A425F112020056CDA6 /* Debug */,
				B77814A525F112020056CDA6 /* Release */,
			);
			defaultConfigurationIsVisible = 0;
			defaultConfigurationName = Release;
		};
		B77814A625F112020056CDA6 /* Build configuration list for PBXNativeTarget "LanternUITests" */ = {
			isa = XCConfigurationList;
			buildConfigurations = (
				B77814A725F112020056CDA6 /* Debug */,
				B77814A825F112020056CDA6 /* Release */,
			);
			defaultConfigurationIsVisible = 0;
			defaultConfigurationName = Release;
		};
/* End XCConfigurationList section */
	};
	rootObject = B778147325F112010056CDA6 /* Project object */;
}
